
Microsoft Visual Studio Solution File, Format Version 12.00
# Visual Studio Version 17
VisualStudioVersion = 17.5.002.0
MinimumVisualStudioVersion = 10.0.40219.1
Project("{9A19103F-16F7-4668-BE54-9A1E7A4F7556}") = "holamundo", "holamundo\holamundo.csproj", "{46E13025-D5AC-421F-92B7-B4F2E1A7562D}"
EndProject
Global
	GlobalSection(SolutionConfigurationPlatforms) = preSolution
		Debug|Any CPU = Debug|Any CPU
		Release|Any CPU = Release|Any CPU
	EndGlobalSection
	GlobalSection(ProjectConfigurationPlatforms) = postSolution
		{46E13025-D5AC-421F-92B7-B4F2E1A7562D}.Debug|Any CPU.ActiveCfg = Debug|Any CPU
		{46E13025-D5AC-421F-92B7-B4F2E1A7562D}.Debug|Any CPU.Build.0 = Debug|Any CPU
		{46E13025-D5AC-421F-92B7-B4F2E1A7562D}.Release|Any CPU.ActiveCfg = Release|Any CPU
		{46E13025-D5AC-421F-92B7-B4F2E1A7562D}.Release|Any CPU.Build.0 = Release|Any CPU
	EndGlobalSection
	GlobalSection(SolutionProperties) = preSolution
		HideSolutionNode = FALSE
	EndGlobalSection
	GlobalSection(ExtensibilityGlobals) = postSolution
		SolutionGuid = {D4B39AE2-446D-409F-8F5D-A557E062DB15}
	EndGlobalSection
EndGlobal
